
Microsoft Visual Studio Solution File, Format Version 12.00
# Visual Studio Version 16
VisualStudioVersion = 16.0.31911.196
MinimumVisualStudioVersion = 10.0.40219.1
Project("{9A19103F-16F7-4668-BE54-9A1E7A4F7556}") = "PlatformService", "PlatformService\PlatformService.csproj", "{9FD149FF-89E2-48F6-83AD-3D5390A43CCE}"
EndProject
Global
	GlobalSection(SolutionConfigurationPlatforms) = preSolution
		Debug|Any CPU = Debug|Any CPU
		Release|Any CPU = Release|Any CPU
	EndGlobalSection
	GlobalSection(ProjectConfigurationPlatforms) = postSolution
		{9FD149FF-89E2-48F6-83AD-3D5390A43CCE}.Debug|Any CPU.ActiveCfg = Debug|Any CPU
		{9FD149FF-89E2-48F6-83AD-3D5390A43CCE}.Debug|Any CPU.Build.0 = Debug|Any CPU
		{9FD149FF-89E2-48F6-83AD-3D5390A43CCE}.Release|Any CPU.ActiveCfg = Release|Any CPU
		{9FD149FF-89E2-48F6-83AD-3D5390A43CCE}.Release|Any CPU.Build.0 = Release|Any CPU
	EndGlobalSection
	GlobalSection(SolutionProperties) = preSolution
		HideSolutionNode = FALSE
	EndGlobalSection
	GlobalSection(ExtensibilityGlobals) = postSolution
		SolutionGuid = {211DC8E9-06E0-4CF8-AA7F-9EA114B1F0C5}
	EndGlobalSection
EndGlobal
